// !$*UTF8*$!
{
	archiveVersion = 1;
	classes = {
	};
	objectVersion = 50;
	objects = {

/* Begin PBXBuildFile section */
		D50EAA8D25494BEA00698CBB /* AppDelegate.m in Sources */ = {isa = PBXBuildFile; fileRef = D50EAA8C25494BEA00698CBB /* AppDelegate.m */; };
		D50EAA9025494BEA00698CBB /* SceneDelegate.m in Sources */ = {isa = PBXBuildFile; fileRef = D50EAA8F25494BEA00698CBB /* SceneDelegate.m */; };
		D50EAA9325494BEA00698CBB /* ViewController.m in Sources */ = {isa = PBXBuildFile; fileRef = D50EAA9225494BEA00698CBB /* ViewController.m */; };
		D50EAA9825494BEE00698CBB /* Assets.xcassets in Resources */ = {isa = PBXBuildFile; fileRef = D50EAA9725494BEE00698CBB /* Assets.xcassets */; };
		D50EAA9B25494BEE00698CBB /* LaunchScreen.storyboard in Resources */ = {isa = PBXBuildFile; fileRef = D50EAA9925494BEE00698CBB /* LaunchScreen.storyboard */; };
		D50EAA9E25494BEE00698CBB /* main.m in Sources */ = {isa = PBXBuildFile; fileRef = D50EAA9D25494BEE00698CBB /* main.m */; };
		D50EAAC32549853A00698CBB /* CustomTableViewCell.m in Sources */ = {isa = PBXBuildFile; fileRef = D50EAAC22549853A00698CBB /* CustomTableViewCell.m */; };
		D50EAACD254A52FB00698CBB /* List.m in Sources */ = {isa = PBXBuildFile; fileRef = D50EAACC254A52FB00698CBB /* List.m */; };
		D50EAAD2254A725200698CBB /* ListCollectionViewController.m in Sources */ = {isa = PBXBuildFile; fileRef = D50EAAD1254A725200698CBB /* ListCollectionViewController.m */; };
		D5560245254B1C06002CC9EF /* CustomCollectionViewCell.m in Sources */ = {isa = PBXBuildFile; fileRef = D5560244254B1C06002CC9EF /* CustomCollectionViewCell.m */; };
/* End PBXBuildFile section */

/* Begin PBXFileReference section */
		D50EAA8825494BEA00698CBB /* ObjectiveCApp.app */ = {isa = PBXFileReference; explicitFileType = wrapper.application; includeInIndex = 0; path = ObjectiveCApp.app; sourceTree = BUILT_PRODUCTS_DIR; };
		D50EAA8B25494BEA00698CBB /* AppDelegate.h */ = {isa = PBXFileReference; lastKnownFileType = sourcecode.c.h; path = AppDelegate.h; sourceTree = "<group>"; };
		D50EAA8C25494BEA00698CBB /* AppDelegate.m */ = {isa = PBXFileReference; lastKnownFileType = sourcecode.c.objc; path = AppDelegate.m; sourceTree = "<group>"; };
		D50EAA8E25494BEA00698CBB /* SceneDelegate.h */ = {isa = PBXFileReference; lastKnownFileType = sourcecode.c.h; path = SceneDelegate.h; sourceTree = "<group>"; };
		D50EAA8F25494BEA00698CBB /* SceneDelegate.m */ = {isa = PBXFileReference; lastKnownFileType = sourcecode.c.objc; path = SceneDelegate.m; sourceTree = "<group>"; };
		D50EAA9125494BEA00698CBB /* ViewController.h */ = {isa = PBXFileReference; lastKnownFileType = sourcecode.c.h; path = ViewController.h; sourceTree = "<group>"; };
		D50EAA9225494BEA00698CBB /* ViewController.m */ = {isa = PBXFileReference; lastKnownFileType = sourcecode.c.objc; path = ViewController.m; sourceTree = "<group>"; };
		D50EAA9725494BEE00698CBB /* Assets.xcassets */ = {isa = PBXFileReference; lastKnownFileType = folder.assetcatalog; path = Assets.xcassets; sourceTree = "<group>"; };
		D50EAA9A25494BEE00698CBB /* Base */ = {isa = PBXFileReference; lastKnownFileType = file.storyboard; name = Base; path = Base.lproj/LaunchScreen.storyboard; sourceTree = "<group>"; };
		D50EAA9C25494BEE00698CBB /* Info.plist */ = {isa = PBXFileReference; lastKnownFileType = text.plist.xml; path = Info.plist; sourceTree = "<group>"; };
		D50EAA9D25494BEE00698CBB /* main.m */ = {isa = PBXFileReference; lastKnownFileType = sourcecode.c.objc; path = main.m; sourceTree = "<group>"; };
		D50EAAC12549853A00698CBB /* CustomTableViewCell.h */ = {isa = PBXFileReference; lastKnownFileType = sourcecode.c.h; path = CustomTableViewCell.h; sourceTree = "<group>"; };
		D50EAAC22549853A00698CBB /* CustomTableViewCell.m */ = {isa = PBXFileReference; lastKnownFileType = sourcecode.c.objc; path = CustomTableViewCell.m; sourceTree = "<group>"; };
		D50EAACB254A52FB00698CBB /* List.h */ = {isa = PBXFileReference; lastKnownFileType = sourcecode.c.h; path = List.h; sourceTree = "<group>"; };
		D50EAACC254A52FB00698CBB /* List.m */ = {isa = PBXFileReference; lastKnownFileType = sourcecode.c.objc; path = List.m; sourceTree = "<group>"; };
		D50EAAD0254A725200698CBB /* ListCollectionViewController.h */ = {isa = PBXFileReference; lastKnownFileType = sourcecode.c.h; path = ListCollectionViewController.h; sourceTree = "<group>"; };
		D50EAAD1254A725200698CBB /* ListCollectionViewController.m */ = {isa = PBXFileReference; lastKnownFileType = sourcecode.c.objc; path = ListCollectionViewController.m; sourceTree = "<group>"; };
		D5560243254B1C06002CC9EF /* CustomCollectionViewCell.h */ = {isa = PBXFileReference; lastKnownFileType = sourcecode.c.h; name = CustomCollectionViewCell.h; path = Cells/CustomCollectionViewCell.h; sourceTree = "<group>"; };
		D5560244254B1C06002CC9EF /* CustomCollectionViewCell.m */ = {isa = PBXFileReference; lastKnownFileType = sourcecode.c.objc; name = CustomCollectionViewCell.m; path = Cells/CustomCollectionViewCell.m; sourceTree = "<group>"; };
/* End PBXFileReference section */

/* Begin PBXFrameworksBuildPhase section */
		D50EAA8525494BEA00698CBB /* Frameworks */ = {
			isa = PBXFrameworksBuildPhase;
			buildActionMask = 2147483647;
			files = (
			);
			runOnlyForDeploymentPostprocessing = 0;
		};
/* End PBXFrameworksBuildPhase section */

/* Begin PBXGroup section */
		D50EAA7F25494BEA00698CBB = {
			isa = PBXGroup;
			children = (
				D50EAA8A25494BEA00698CBB /* ObjectiveCApp */,
				D50EAA8925494BEA00698CBB /* Products */,
			);
			sourceTree = "<group>";
		};
		D50EAA8925494BEA00698CBB /* Products */ = {
			isa = PBXGroup;
			children = (
				D50EAA8825494BEA00698CBB /* ObjectiveCApp.app */,
			);
			name = Products;
			sourceTree = "<group>";
		};
		D50EAA8A25494BEA00698CBB /* ObjectiveCApp */ = {
			isa = PBXGroup;
			children = (
				D50EAAC52549A86700698CBB /* Views */,
				D50EAA8B25494BEA00698CBB /* AppDelegate.h */,
				D50EAA8C25494BEA00698CBB /* AppDelegate.m */,
				D50EAA8E25494BEA00698CBB /* SceneDelegate.h */,
				D50EAA8F25494BEA00698CBB /* SceneDelegate.m */,
				D50EAA9125494BEA00698CBB /* ViewController.h */,
				D50EAA9225494BEA00698CBB /* ViewController.m */,
				D50EAA9725494BEE00698CBB /* Assets.xcassets */,
				D50EAA9925494BEE00698CBB /* LaunchScreen.storyboard */,
				D50EAA9C25494BEE00698CBB /* Info.plist */,
				D50EAA9D25494BEE00698CBB /* main.m */,
				D50EAACB254A52FB00698CBB /* List.h */,
				D50EAACC254A52FB00698CBB /* List.m */,
				D50EAAD0254A725200698CBB /* ListCollectionViewController.h */,
				D50EAAD1254A725200698CBB /* ListCollectionViewController.m */,
			);
			path = ObjectiveCApp;
			sourceTree = "<group>";
		};
		D50EAAC52549A86700698CBB /* Views */ = {
			isa = PBXGroup;
			children = (
				D50EAAC62549A87000698CBB /* Cells */,
				D5560243254B1C06002CC9EF /* CustomCollectionViewCell.h */,
				D5560244254B1C06002CC9EF /* CustomCollectionViewCell.m */,
			);
			path = Views;
			sourceTree = "<group>";
		};
		D50EAAC62549A87000698CBB /* Cells */ = {
			isa = PBXGroup;
			children = (
				D50EAAC12549853A00698CBB /* CustomTableViewCell.h */,
				D50EAAC22549853A00698CBB /* CustomTableViewCell.m */,
			);
			path = Cells;
			sourceTree = "<group>";
		};
/* End PBXGroup section */

/* Begin PBXNativeTarget section */
		D50EAA8725494BEA00698CBB /* ObjectiveCApp */ = {
			isa = PBXNativeTarget;
			buildConfigurationList = D50EAAA125494BEE00698CBB /* Build configuration list for PBXNativeTarget "ObjectiveCApp" */;
			buildPhases = (
				D50EAA8425494BEA00698CBB /* Sources */,
				D50EAA8525494BEA00698CBB /* Frameworks */,
				D50EAA8625494BEA00698CBB /* Resources */,
			);
			buildRules = (
			);
			dependencies = (
			);
			name = ObjectiveCApp;
			productName = ObjectiveCApp;
			productReference = D50EAA8825494BEA00698CBB /* ObjectiveCApp.app */;
			productType = "com.apple.product-type.application";
		};
/* End PBXNativeTarget section */

/* Begin PBXProject section */
		D50EAA8025494BEA00698CBB /* Project object */ = {
			isa = PBXProject;
			attributes = {
				LastUpgradeCheck = 1200;
				TargetAttributes = {
					D50EAA8725494BEA00698CBB = {
						CreatedOnToolsVersion = 12.0.1;
					};
				};
			};
			buildConfigurationList = D50EAA8325494BEA00698CBB /* Build configuration list for PBXProject "ObjectiveCApp" */;
			compatibilityVersion = "Xcode 9.3";
			developmentRegion = en;
			hasScannedForEncodings = 0;
			knownRegions = (
				en,
				Base,
			);
			mainGroup = D50EAA7F25494BEA00698CBB;
			productRefGroup = D50EAA8925494BEA00698CBB /* Products */;
			projectDirPath = "";
			projectRoot = "";
			targets = (
				D50EAA8725494BEA00698CBB /* ObjectiveCApp */,
			);
		};
/* End PBXProject section */

/* Begin PBXResourcesBuildPhase section */
		D50EAA8625494BEA00698CBB /* Resources */ = {
			isa = PBXResourcesBuildPhase;
			buildActionMask = 2147483647;
			files = (
				D50EAA9B25494BEE00698CBB /* LaunchScreen.storyboard in Resources */,
				D50EAA9825494BEE00698CBB /* Assets.xcassets in Resources */,
			);
			runOnlyForDeploymentPostprocessing = 0;
		};
/* End PBXResourcesBuildPhase section */

/* Begin PBXSourcesBuildPhase section */
		D50EAA8425494BEA00698CBB /* Sources */ = {
			isa = PBXSourcesBuildPhase;
			buildActionMask = 2147483647;
			files = (
				D50EAA9325494BEA00698CBB /* ViewController.m in Sources */,
				D50EAAD2254A725200698CBB /* ListCollectionViewController.m in Sources */,
				D50EAA8D25494BEA00698CBB /* AppDelegate.m in Sources */,
				D50EAA9E25494BEE00698CBB /* main.m in Sources */,
				D50EAACD254A52FB00698CBB /* List.m in Sources */,
				D50EAAC32549853A00698CBB /* CustomTableViewCell.m in Sources */,
				D50EAA9025494BEA00698CBB /* SceneDelegate.m in Sources */,
				D5560245254B1C06002CC9EF /* CustomCollectionViewCell.m in Sources */,
			);
			runOnlyForDeploymentPostprocessing = 0;
		};
/* End PBXSourcesBuildPhase section */

/* Begin PBXVariantGroup section */
		D50EAA9925494BEE00698CBB /* LaunchScreen.storyboard */ = {
			isa = PBXVariantGroup;
			children = (
				D50EAA9A25494BEE00698CBB /* Base */,
			);
			name = LaunchScreen.storyboard;
			sourceTree = "<group>";
		};
/* End PBXVariantGroup section */

/* Begin XCBuildConfiguration section */
		D50EAA9F25494BEE00698CBB /* Debug */ = {
			isa = XCBuildConfiguration;
			buildSettings = {
				ALWAYS_SEARCH_USER_PATHS = NO;
				CLANG_ANALYZER_NONNULL = YES;
				CLANG_ANALYZER_NUMBER_OBJECT_CONVERSION = YES_AGGRESSIVE;
				CLANG_CXX_LANGUAGE_STANDARD = "gnu++14";
				CLANG_CXX_LIBRARY = "libc++";
				CLANG_ENABLE_MODULES = YES;
				CLANG_ENABLE_OBJC_ARC = YES;
				CLANG_ENABLE_OBJC_WEAK = YES;
				CLANG_WARN_BLOCK_CAPTURE_AUTORELEASING = YES;
				CLANG_WARN_BOOL_CONVERSION = YES;
				CLANG_WARN_COMMA = YES;
				CLANG_WARN_CONSTANT_CONVERSION = YES;
				CLANG_WARN_DEPRECATED_OBJC_IMPLEMENTATIONS = YES;
				CLANG_WARN_DIRECT_OBJC_ISA_USAGE = YES_ERROR;
				CLANG_WARN_DOCUMENTATION_COMMENTS = YES;
				CLANG_WARN_EMPTY_BODY = YES;
				CLANG_WARN_ENUM_CONVERSION = YES;
				CLANG_WARN_INFINITE_RECURSION = YES;
				CLANG_WARN_INT_CONVERSION = YES;
				CLANG_WARN_NON_LITERAL_NULL_CONVERSION = YES;
				CLANG_WARN_OBJC_IMPLICIT_RETAIN_SELF = YES;
				CLANG_WARN_OBJC_LITERAL_CONVERSION = YES;
				CLANG_WARN_OBJC_ROOT_CLASS = YES_ERROR;
				CLANG_WARN_QUOTED_INCLUDE_IN_FRAMEWORK_HEADER = YES;
				CLANG_WARN_RANGE_LOOP_ANALYSIS = YES;
				CLANG_WARN_STRICT_PROTOTYPES = YES;
				CLANG_WARN_SUSPICIOUS_MOVE = YES;
				CLANG_WARN_UNGUARDED_AVAILABILITY = YES_AGGRESSIVE;
				CLANG_WARN_UNREACHABLE_CODE = YES;
				CLANG_WARN__DUPLICATE_METHOD_MATCH = YES;
				COPY_PHASE_STRIP = NO;
				DEBUG_INFORMATION_FORMAT = dwarf;
				ENABLE_STRICT_OBJC_MSGSEND = YES;
				ENABLE_TESTABILITY = YES;
				GCC_C_LANGUAGE_STANDARD = gnu11;
				GCC_DYNAMIC_NO_PIC = NO;
				GCC_NO_COMMON_BLOCKS = YES;
				GCC_OPTIMIZATION_LEVEL = 0;
				GCC_PREPROCESSOR_DEFINITIONS = (
					"DEBUG=1",
					"$(inherited)",
				);
				GCC_WARN_64_TO_32_BIT_CONVERSION = YES;
				GCC_WARN_ABOUT_RETURN_TYPE = YES_ERROR;
				GCC_WARN_UNDECLARED_SELECTOR = YES;
				GCC_WARN_UNINITIALIZED_AUTOS = YES_AGGRESSIVE;
				GCC_WARN_UNUSED_FUNCTION = YES;
				GCC_WARN_UNUSED_VARIABLE = YES;
				IPHONEOS_DEPLOYMENT_TARGET = 14.0;
				MTL_ENABLE_DEBUG_INFO = INCLUDE_SOURCE;
				MTL_FAST_MATH = YES;
				ONLY_ACTIVE_ARCH = YES;
				SDKROOT = iphoneos;
			};
			name = Debug;
		};
		D50EAAA025494BEE00698CBB /* Release */ = {
			isa = XCBuildConfiguration;
			buildSettings = {
				ALWAYS_SEARCH_USER_PATHS = NO;
				CLANG_ANALYZER_NONNULL = YES;
				CLANG_ANALYZER_NUMBER_OBJECT_CONVERSION = YES_AGGRESSIVE;
				CLANG_CXX_LANGUAGE_STANDARD = "gnu++14";
				CLANG_CXX_LIBRARY = "libc++";
				CLANG_ENABLE_MODULES = YES;
				CLANG_ENABLE_OBJC_ARC = YES;
				CLANG_ENABLE_OBJC_WEAK = YES;
				CLANG_WARN_BLOCK_CAPTURE_AUTORELEASING = YES;
				CLANG_WARN_BOOL_CONVERSION = YES;
				CLANG_WARN_COMMA = YES;
				CLANG_WARN_CONSTANT_CONVERSION = YES;
				CLANG_WARN_DEPRECATED_OBJC_IMPLEMENTATIONS = YES;
				CLANG_WARN_DIRECT_OBJC_ISA_USAGE = YES_ERROR;
				CLANG_WARN_DOCUMENTATION_COMMENTS = YES;
				CLANG_WARN_EMPTY_BODY = YES;
				CLANG_WARN_ENUM_CONVERSION = YES;
				CLANG_WARN_INFINITE_RECURSION = YES;
				CLANG_WARN_INT_CONVERSION = YES;
				CLANG_WARN_NON_LITERAL_NULL_CONVERSION = YES;
				CLANG_WARN_OBJC_IMPLICIT_RETAIN_SELF = YES;
				CLANG_WARN_OBJC_LITERAL_CONVERSION = YES;
				CLANG_WARN_OBJC_ROOT_CLASS = YES_ERROR;
				CLANG_WARN_QUOTED_INCLUDE_IN_FRAMEWORK_HEADER = YES;
				CLANG_WARN_RANGE_LOOP_ANALYSIS = YES;
				CLANG_WARN_STRICT_PROTOTYPES = YES;
				CLANG_WARN_SUSPICIOUS_MOVE = YES;
				CLANG_WARN_UNGUARDED_AVAILABILITY = YES_AGGRESSIVE;
				CLANG_WARN_UNREACHABLE_CODE = YES;
				CLANG_WARN__DUPLICATE_METHOD_MATCH = YES;
				COPY_PHASE_STRIP = NO;
				DEBUG_INFORMATION_FORMAT = "dwarf-with-dsym";
				ENABLE_NS_ASSERTIONS = NO;
				ENABLE_STRICT_OBJC_MSGSEND = YES;
				GCC_C_LANGUAGE_STANDARD = gnu11;
				GCC_NO_COMMON_BLOCKS = YES;
				GCC_WARN_64_TO_32_BIT_CONVERSION = YES;
				GCC_WARN_ABOUT_RETURN_TYPE = YES_ERROR;
				GCC_WARN_UNDECLARED_SELECTOR = YES;
				GCC_WARN_UNINITIALIZED_AUTOS = YES_AGGRESSIVE;
				GCC_WARN_UNUSED_FUNCTION = YES;
				GCC_WARN_UNUSED_VARIABLE = YES;
				IPHONEOS_DEPLOYMENT_TARGET = 14.0;
				MTL_ENABLE_DEBUG_INFO = NO;
				MTL_FAST_MATH = YES;
				SDKROOT = iphoneos;
				VALIDATE_PRODUCT = YES;
			};
			name = Release;
		};
		D50EAAA225494BEE00698CBB /* Debug */ = {
			isa = XCBuildConfiguration;
			buildSettings = {
				ASSETCATALOG_COMPILER_APPICON_NAME = AppIcon;
				ASSETCATALOG_COMPILER_GLOBAL_ACCENT_COLOR_NAME = AccentColor;
				CODE_SIGN_STYLE = Automatic;
				DEVELOPMENT_TEAM = XGX62XA8W3;
				INFOPLIST_FILE = ObjectiveCApp/Info.plist;
				LD_RUNPATH_SEARCH_PATHS = (
					"$(inherited)",
					"@executable_path/Frameworks",
				);
				PRODUCT_BUNDLE_IDENTIFIER = Test.ObjectiveCApp;
				PRODUCT_NAME = "$(TARGET_NAME)";
				TARGETED_DEVICE_FAMILY = "1,2";
			};
			name = Debug;
		};
		D50EAAA325494BEE00698CBB /* Release */ = {
			isa = XCBuildConfiguration;
			buildSettings = {
				ASSETCATALOG_COMPILER_APPICON_NAME = AppIcon;
				ASSETCATALOG_COMPILER_GLOBAL_ACCENT_COLOR_NAME = AccentColor;
				CODE_SIGN_STYLE = Automatic;
				DEVELOPMENT_TEAM = XGX62XA8W3;
				INFOPLIST_FILE = ObjectiveCApp/Info.plist;
				LD_RUNPATH_SEARCH_PATHS = (
					"$(inherited)",
					"@executable_path/Frameworks",
				);
				PRODUCT_BUNDLE_IDENTIFIER = Test.ObjectiveCApp;
				PRODUCT_NAME = "$(TARGET_NAME)";
				TARGETED_DEVICE_FAMILY = "1,2";
			};
			name = Release;
		};
/* End XCBuildConfiguration section */

/* Begin XCConfigurationList section */
		D50EAA8325494BEA00698CBB /* Build configuration list for PBXProject "ObjectiveCApp" */ = {
			isa = XCConfigurationList;
			buildConfigurations = (
				D50EAA9F25494BEE00698CBB /* Debug */,
				D50EAAA025494BEE00698CBB /* Release */,
			);
			defaultConfigurationIsVisible = 0;
			defaultConfigurationName = Release;
		};
		D50EAAA125494BEE00698CBB /* Build configuration list for PBXNativeTarget "ObjectiveCApp" */ = {
			isa = XCConfigurationList;
			buildConfigurations = (
				D50EAAA225494BEE00698CBB /* Debug */,
				D50EAAA325494BEE00698CBB /* Release */,
			);
			defaultConfigurationIsVisible = 0;
			defaultConfigurationName = Release;
		};
/* End XCConfigurationList section */
	};
	rootObject = D50EAA8025494BEA00698CBB /* Project object */;
}
